
Microsoft Visual Studio Solution File, Format Version 12.00
# Visual Studio Version 17
VisualStudioVersion = 17.4.33213.308
MinimumVisualStudioVersion = 10.0.40219.1
Project("{FAE04EC0-301F-11D3-BF4B-00C04F79EFBC}") = "Week13SQLliteDB", "Week13SQLliteDB\Week13SQLliteDB.csproj", "{90DE83AA-EDB9-4FBC-AEC9-DE8FD2663E2C}"
EndProject
Global
	GlobalSection(SolutionConfigurationPlatforms) = preSolution
		Debug|Any CPU = Debug|Any CPU
		Release|Any CPU = Release|Any CPU
	EndGlobalSection
	GlobalSection(ProjectConfigurationPlatforms) = postSolution
		{90DE83AA-EDB9-4FBC-AEC9-DE8FD2663E2C}.Debug|Any CPU.ActiveCfg = Debug|Any CPU
		{90DE83AA-EDB9-4FBC-AEC9-DE8FD2663E2C}.Debug|Any CPU.Build.0 = Debug|Any CPU
		{90DE83AA-EDB9-4FBC-AEC9-DE8FD2663E2C}.Release|Any CPU.ActiveCfg = Release|Any CPU
		{90DE83AA-EDB9-4FBC-AEC9-DE8FD2663E2C}.Release|Any CPU.Build.0 = Release|Any CPU
	EndGlobalSection
	GlobalSection(SolutionProperties) = preSolution
		HideSolutionNode = FALSE
	EndGlobalSection
	GlobalSection(ExtensibilityGlobals) = postSolution
		SolutionGuid = {6998AA8D-6A1E-4C59-87B6-BFA8B1C6D89F}
	EndGlobalSection
EndGlobal
